# canonical-image.lock — pinned identity of the canonical-moves SIF.
#
# Downstream beads (mo-1s9o, mo-abxb, mo-zik2, …) MUST reference the SIF
# by this hash. Any rebuild that produces a different hash invalidates
# downstream characterization snapshots and is a deliberate cutover.
#
# This file is REGENERATED by characterization/apptainer/build-sif.sh —
# the values below are placeholders that get overwritten on the first
# successful build on an HPC compute node. Do not commit a build of
# this file with placeholder values; do not edit it by hand.

sif_path           = "characterization/apptainer/canonical-moves.sif"
sif_sha256         = "PENDING_FIRST_BUILD"
sif_bytes          = 0

# Source pins
moves_repo_url     = "https://github.com/USEPA/EPA_MOVES_Model.git"
moves_commit       = "REPLACE_WITH_PINNED_COMMIT_SHA"

# Default DB
movesdb_filename   = "movesdb20241112.zip"
movesdb_sha256     = "REPLACE_WITH_MOVESDB_SHA256"

# Toolchain pins
mariadb_series     = "11.4"
jdk_package        = "temurin-17-jdk"
go_version         = "1.21.13"

# Build provenance (filled in by build-sif.sh)
built_at_utc       = "PENDING_FIRST_BUILD"
built_on_host      = "PENDING_FIRST_BUILD"
apptainer_version  = "PENDING_FIRST_BUILD"
