# canonical-image.lock — pinned identity of the canonical-moves SIF.
#
# Downstream beads (mo-1s9o, mo-abxb, mo-zik2, …) MUST reference the SIF
# by this hash. Any rebuild that produces a different hash invalidates
# downstream characterization snapshots and is a deliberate cutover.
#
# Regenerate by running characterization/apptainer/build-sif.sh.

sif_path           = "characterization/apptainer/canonical-moves.sif"
sif_sha256         = "1fa69d34114e95d26d57c414a896c98efeecfe4e729ee2b7e701e79e19baccd8"
sif_bytes          = 1101062144

# Source pins
moves_repo_url     = "https://github.com/USEPA/EPA_MOVES_Model.git"
moves_commit       = "25dc6c833dd8c88198f82cee93ca30be1456df8b"

# Default DB
movesdb_filename   = "movesdb20241112.zip"
movesdb_sha256     = "f42f6a796261a547706807d90eed27124f73ea9518da04f2f5c877fc9b0ca55a"

# Toolchain pins
mariadb_series     = "11.4"
jdk_package        = "temurin-17-jdk"
go_version         = "1.21.13"

# Build provenance
built_at_utc       = "2026-05-26T13:13:17Z"
built_on_host      = "ccc0232.campuscluster.illinois.edu"
apptainer_version  = "1.4.5-3.el9"
