# fixture-image.lock — pinned identity of moves-fixture.sif.
#
# This SIF is canonical-moves.sif + the three intermediate-state
# capture patches (Phase 0 Task 3, mo-1s9o). It is used by mo-kbjl
# and later fixture-capture beads. Any rebuild that produces a
# different hash invalidates downstream characterization snapshots.
#
# This file is REGENERATED by characterization/apptainer/build-fixture-sif.sh —
# the values below are placeholders that get overwritten on the first
# successful build on an HPC compute node. Do not commit a build of
# this file with placeholder values; do not edit it by hand.

sif_path           = "characterization/apptainer/moves-fixture.sif"
sif_sha256         = "PENDING_FIRST_BUILD"
sif_bytes          = 0

# Parent SIF (the canonical reference this layer was built from)
parent_sif_path    = "characterization/apptainer/canonical-moves.sif"
parent_sif_sha256  = "PENDING_FIRST_BUILD"

# Patch applied
patch_path         = "characterization/apptainer/files/intermediate-state-capture.patch"
patch_sha256       = "PENDING_FIRST_BUILD"

# Build provenance (filled in by build-fixture-sif.sh)
built_at_utc       = "PENDING_FIRST_BUILD"
built_on_host      = "PENDING_FIRST_BUILD"
apptainer_version  = "PENDING_FIRST_BUILD"
