# fixture-image.lock — pinned identity of moves-fixture.sif.
#
# This SIF is canonical-moves.sif + the three intermediate-state
# capture patches (Phase 0 Task 3). It is used by mo-kbjl and later
# fixture-capture beads. Any rebuild that produces a different hash
# invalidates downstream characterization snapshots.
#
# Regenerate by running characterization/apptainer/build-fixture-sif.sh
# (which itself requires canonical-moves.sif from build-sif.sh).

sif_path           = "characterization/apptainer/moves-fixture.sif"
sif_sha256         = "f8d7ae76464c5e273dcc675bb91b3062fa1f41c87907e9403fe8c1cbe5482a59"
sif_bytes          = 1101045760

# Parent SIF (the canonical reference this layer was built from)
parent_sif_path    = "characterization/apptainer/canonical-moves.sif"
parent_sif_sha256  = "1fa69d34114e95d26d57c414a896c98efeecfe4e729ee2b7e701e79e19baccd8"

# Patch applied
patch_path         = "characterization/apptainer/files/intermediate-state-capture.patch"
patch_sha256       = "a13858dacb3c890f18c4979a9fa58697cb86092afc354c299697f75513c5d7b7"

# Build provenance
built_at_utc       = "2026-05-28T06:26:21Z"
built_on_host      = "ccc0232.campuscluster.illinois.edu"
apptainer_version  = "1.4.5-3.el9"
